
Microsoft Visual Studio Solution File, Format Version 12.00
# Visual Studio Version 17
VisualStudioVersion = 17.10.35122.118
MinimumVisualStudioVersion = 10.0.40219.1
Project("{FAE04EC0-301F-11D3-BF4B-00C04F79EFBC}") = "Arrays_McVey_Cason", "Arrays_McVey_Cason.csproj", "{FCBC80F3-1265-4EDF-A597-28867AAB53FC}"
EndProject
Global
	GlobalSection(SolutionConfigurationPlatforms) = preSolution
		Debug|Any CPU = Debug|Any CPU
		Release|Any CPU = Release|Any CPU
	EndGlobalSection
	GlobalSection(ProjectConfigurationPlatforms) = postSolution
		{FCBC80F3-1265-4EDF-A597-28867AAB53FC}.Debug|Any CPU.ActiveCfg = Debug|Any CPU
		{FCBC80F3-1265-4EDF-A597-28867AAB53FC}.Debug|Any CPU.Build.0 = Debug|Any CPU
		{FCBC80F3-1265-4EDF-A597-28867AAB53FC}.Release|Any CPU.ActiveCfg = Release|Any CPU
		{FCBC80F3-1265-4EDF-A597-28867AAB53FC}.Release|Any CPU.Build.0 = Release|Any CPU
	EndGlobalSection
	GlobalSection(SolutionProperties) = preSolution
		HideSolutionNode = FALSE
	EndGlobalSection
	GlobalSection(ExtensibilityGlobals) = postSolution
		SolutionGuid = {3AE0AC05-81E0-4FC3-9313-979F7621D563}
	EndGlobalSection
EndGlobal
